
Microsoft Visual Studio Solution File, Format Version 12.00
# Visual Studio Version 16
VisualStudioVersion = 16.0.30413.136
MinimumVisualStudioVersion = 10.0.40219.1
Project("{FAE04EC0-301F-11D3-BF4B-00C04F79EFBC}") = "DeryaBilisim.Services.Sigortalig.Integration.Standart", "DeryaBilisim.Services.Sigortalig.Integration.Standart.csproj", "{7522A96A-946B-4F42-A5D4-EC2918E3E619}"
EndProject
Project("{FAE04EC0-301F-11D3-BF4B-00C04F79EFBC}") = "DeryaBilisim.Services.Sigortalig.Integration.Standart.MvcCoreSample", "..\DeryaBilisim.Services.Sigortalig.Integration.Standart.MvcCoreSample\DeryaBilisim.Services.Sigortalig.Integration.Standart.MvcCoreSample.csproj", "{6604E498-AC0D-4DFC-AB18-93F6ACDE49CC}"
EndProject
Global
	GlobalSection(SolutionConfigurationPlatforms) = preSolution
		Debug|Any CPU = Debug|Any CPU
		Release|Any CPU = Release|Any CPU
	EndGlobalSection
	GlobalSection(ProjectConfigurationPlatforms) = postSolution
		{7522A96A-946B-4F42-A5D4-EC2918E3E619}.Debug|Any CPU.ActiveCfg = Debug|Any CPU
		{7522A96A-946B-4F42-A5D4-EC2918E3E619}.Debug|Any CPU.Build.0 = Debug|Any CPU
		{7522A96A-946B-4F42-A5D4-EC2918E3E619}.Release|Any CPU.ActiveCfg = Release|Any CPU
		{7522A96A-946B-4F42-A5D4-EC2918E3E619}.Release|Any CPU.Build.0 = Release|Any CPU
		{6604E498-AC0D-4DFC-AB18-93F6ACDE49CC}.Debug|Any CPU.ActiveCfg = Debug|Any CPU
		{6604E498-AC0D-4DFC-AB18-93F6ACDE49CC}.Debug|Any CPU.Build.0 = Debug|Any CPU
		{6604E498-AC0D-4DFC-AB18-93F6ACDE49CC}.Release|Any CPU.ActiveCfg = Release|Any CPU
		{6604E498-AC0D-4DFC-AB18-93F6ACDE49CC}.Release|Any CPU.Build.0 = Release|Any CPU
	EndGlobalSection
	GlobalSection(SolutionProperties) = preSolution
		HideSolutionNode = FALSE
	EndGlobalSection
	GlobalSection(ExtensibilityGlobals) = postSolution
		SolutionGuid = {BE35CC91-10E6-4A96-8286-55FF5233C3B8}
	EndGlobalSection
EndGlobal
